
Microsoft Visual Studio Solution File, Format Version 11.00
# Visual Studio 2010
Project("{FAE04EC0-301F-11D3-BF4B-00C04F79EFBC}") = "ResponsiveUiAndTwitterBootStrap", "ResponsiveUiAndTwitterBootStrap\ResponsiveUiAndTwitterBootStrap.csproj", "{4477F9D5-4990-41F4-94A8-B0FD8C3C5076}"
EndProject
Project("{FAE04EC0-301F-11D3-BF4B-00C04F79EFBC}") = "CompareMvc4Layout", "CompareMvc4Layout\CompareMvc4Layout.csproj", "{A5475F4C-C43D-4581-8495-17915BAF7E80}"
EndProject
Project("{2150E333-8FDC-42A3-9474-1A3956D46DE8}") = ".nuget", ".nuget", "{06AA9FA4-E5BC-499A-8495-B548406CC670}"
	ProjectSection(SolutionItems) = preProject
		.nuget\NuGet.Config = .nuget\NuGet.Config
		.nuget\nuget.exe = .nuget\nuget.exe
		.nuget\NuGet.targets = .nuget\NuGet.targets
	EndProjectSection
EndProject
Global
	GlobalSection(SolutionConfigurationPlatforms) = preSolution
		Debug|Any CPU = Debug|Any CPU
		Release|Any CPU = Release|Any CPU
	EndGlobalSection
	GlobalSection(ProjectConfigurationPlatforms) = postSolution
		{4477F9D5-4990-41F4-94A8-B0FD8C3C5076}.Debug|Any CPU.ActiveCfg = Debug|Any CPU
		{4477F9D5-4990-41F4-94A8-B0FD8C3C5076}.Debug|Any CPU.Build.0 = Debug|Any CPU
		{4477F9D5-4990-41F4-94A8-B0FD8C3C5076}.Release|Any CPU.ActiveCfg = Release|Any CPU
		{4477F9D5-4990-41F4-94A8-B0FD8C3C5076}.Release|Any CPU.Build.0 = Release|Any CPU
		{A5475F4C-C43D-4581-8495-17915BAF7E80}.Debug|Any CPU.ActiveCfg = Debug|Any CPU
		{A5475F4C-C43D-4581-8495-17915BAF7E80}.Debug|Any CPU.Build.0 = Debug|Any CPU
		{A5475F4C-C43D-4581-8495-17915BAF7E80}.Release|Any CPU.ActiveCfg = Release|Any CPU
		{A5475F4C-C43D-4581-8495-17915BAF7E80}.Release|Any CPU.Build.0 = Release|Any CPU
	EndGlobalSection
	GlobalSection(SolutionProperties) = preSolution
		HideSolutionNode = FALSE
	EndGlobalSection
EndGlobal
